// !$*UTF8*$!
{
	archiveVersion = 1;
	classes = {
	};
	objectVersion = 55;
	objects = {

/* Begin PBXBuildFile section */
		7F508995281628D20044B8F8 /* BMICalculatorApp.swift in Sources */ = {isa = PBXBuildFile; fileRef = 7F508994281628D20044B8F8 /* BMICalculatorApp.swift */; };
		7F508997281628D20044B8F8 /* ContentView.swift in Sources */ = {isa = PBXBuildFile; fileRef = 7F508996281628D20044B8F8 /* ContentView.swift */; };
		7F508999281628D50044B8F8 /* Assets.xcassets in Resources */ = {isa = PBXBuildFile; fileRef = 7F508998281628D50044B8F8 /* Assets.xcassets */; };
		7F50899C281628D50044B8F8 /* Preview Assets.xcassets in Resources */ = {isa = PBXBuildFile; fileRef = 7F50899B281628D50044B8F8 /* Preview Assets.xcassets */; };
		7F5089A6281628D50044B8F8 /* BMICalculatorTests.swift in Sources */ = {isa = PBXBuildFile; fileRef = 7F5089A5281628D50044B8F8 /* BMICalculatorTests.swift */; };
		7F5089B0281628D50044B8F8 /* BMICalculatorUITests.swift in Sources */ = {isa = PBXBuildFile; fileRef = 7F5089AF281628D50044B8F8 /* BMICalculatorUITests.swift */; };
		7F5089B2281628D50044B8F8 /* BMICalculatorUITestsLaunchTests.swift in Sources */ = {isa = PBXBuildFile; fileRef = 7F5089B1281628D50044B8F8 /* BMICalculatorUITestsLaunchTests.swift */; };
		7F5089BF2816360C0044B8F8 /* BMI.swift in Sources */ = {isa = PBXBuildFile; fileRef = 7F5089BE2816360C0044B8F8 /* BMI.swift */; };
		7F5089C1281639F00044B8F8 /* BMITests.swift in Sources */ = {isa = PBXBuildFile; fileRef = 7F5089C0281639F00044B8F8 /* BMITests.swift */; };
		7F581F7A28225F7D0097C6DB /* ResultContentView.swift in Sources */ = {isa = PBXBuildFile; fileRef = 7F581F7928225F7D0097C6DB /* ResultContentView.swift */; };
		7F581F7C282261610097C6DB /* LabelView.swift in Sources */ = {isa = PBXBuildFile; fileRef = 7F581F7B282261610097C6DB /* LabelView.swift */; };
		7F581F7E282265920097C6DB /* BaseButtonView.swift in Sources */ = {isa = PBXBuildFile; fileRef = 7F581F7D282265920097C6DB /* BaseButtonView.swift */; };
		7F596F6C281A6B50002FA9F0 /* Colors + Extensions.swift in Sources */ = {isa = PBXBuildFile; fileRef = 7F596F6B281A6B50002FA9F0 /* Colors + Extensions.swift */; };
		7F596F6F281AB98F002FA9F0 /* SliderView.swift in Sources */ = {isa = PBXBuildFile; fileRef = 7F596F6E281AB98F002FA9F0 /* SliderView.swift */; };
/* End PBXBuildFile section */

/* Begin PBXContainerItemProxy section */
		7F5089A2281628D50044B8F8 /* PBXContainerItemProxy */ = {
			isa = PBXContainerItemProxy;
			containerPortal = 7F508989281628D20044B8F8 /* Project object */;
			proxyType = 1;
			remoteGlobalIDString = 7F508990281628D20044B8F8;
			remoteInfo = BMICalculator;
		};
		7F5089AC281628D50044B8F8 /* PBXContainerItemProxy */ = {
			isa = PBXContainerItemProxy;
			containerPortal = 7F508989281628D20044B8F8 /* Project object */;
			proxyType = 1;
			remoteGlobalIDString = 7F508990281628D20044B8F8;
			remoteInfo = BMICalculator;
		};
/* End PBXContainerItemProxy section */

/* Begin PBXFileReference section */
		7F508991281628D20044B8F8 /* BMICalculator.app */ = {isa = PBXFileReference; explicitFileType = wrapper.application; includeInIndex = 0; path = BMICalculator.app; sourceTree = BUILT_PRODUCTS_DIR; };
		7F508994281628D20044B8F8 /* BMICalculatorApp.swift */ = {isa = PBXFileReference; lastKnownFileType = sourcecode.swift; path = BMICalculatorApp.swift; sourceTree = "<group>"; };
		7F508996281628D20044B8F8 /* ContentView.swift */ = {isa = PBXFileReference; lastKnownFileType = sourcecode.swift; path = ContentView.swift; sourceTree = "<group>"; };
		7F508998281628D50044B8F8 /* Assets.xcassets */ = {isa = PBXFileReference; lastKnownFileType = folder.assetcatalog; path = Assets.xcassets; sourceTree = "<group>"; };
		7F50899B281628D50044B8F8 /* Preview Assets.xcassets */ = {isa = PBXFileReference; lastKnownFileType = folder.assetcatalog; path = "Preview Assets.xcassets"; sourceTree = "<group>"; };
		7F5089A1281628D50044B8F8 /* BMICalculatorTests.xctest */ = {isa = PBXFileReference; explicitFileType = wrapper.cfbundle; includeInIndex = 0; path = BMICalculatorTests.xctest; sourceTree = BUILT_PRODUCTS_DIR; };
		7F5089A5281628D50044B8F8 /* BMICalculatorTests.swift */ = {isa = PBXFileReference; lastKnownFileType = sourcecode.swift; path = BMICalculatorTests.swift; sourceTree = "<group>"; };
		7F5089AB281628D50044B8F8 /* BMICalculatorUITests.xctest */ = {isa = PBXFileReference; explicitFileType = wrapper.cfbundle; includeInIndex = 0; path = BMICalculatorUITests.xctest; sourceTree = BUILT_PRODUCTS_DIR; };
		7F5089AF281628D50044B8F8 /* BMICalculatorUITests.swift */ = {isa = PBXFileReference; lastKnownFileType = sourcecode.swift; path = BMICalculatorUITests.swift; sourceTree = "<group>"; };
		7F5089B1281628D50044B8F8 /* BMICalculatorUITestsLaunchTests.swift */ = {isa = PBXFileReference; lastKnownFileType = sourcecode.swift; path = BMICalculatorUITestsLaunchTests.swift; sourceTree = "<group>"; };
		7F5089BE2816360C0044B8F8 /* BMI.swift */ = {isa = PBXFileReference; lastKnownFileType = sourcecode.swift; path = BMI.swift; sourceTree = "<group>"; };
		7F5089C0281639F00044B8F8 /* BMITests.swift */ = {isa = PBXFileReference; lastKnownFileType = sourcecode.swift; path = BMITests.swift; sourceTree = "<group>"; };
		7F581F7928225F7D0097C6DB /* ResultContentView.swift */ = {isa = PBXFileReference; lastKnownFileType = sourcecode.swift; path = ResultContentView.swift; sourceTree = "<group>"; };
		7F581F7B282261610097C6DB /* LabelView.swift */ = {isa = PBXFileReference; lastKnownFileType = sourcecode.swift; path = LabelView.swift; sourceTree = "<group>"; };
		7F581F7D282265920097C6DB /* BaseButtonView.swift */ = {isa = PBXFileReference; lastKnownFileType = sourcecode.swift; path = BaseButtonView.swift; sourceTree = "<group>"; };
		7F596F6B281A6B50002FA9F0 /* Colors + Extensions.swift */ = {isa = PBXFileReference; lastKnownFileType = sourcecode.swift; path = "Colors + Extensions.swift"; sourceTree = "<group>"; };
		7F596F6E281AB98F002FA9F0 /* SliderView.swift */ = {isa = PBXFileReference; lastKnownFileType = sourcecode.swift; path = SliderView.swift; sourceTree = "<group>"; };
/* End PBXFileReference section */

/* Begin PBXFrameworksBuildPhase section */
		7F50898E281628D20044B8F8 /* Frameworks */ = {
			isa = PBXFrameworksBuildPhase;
			buildActionMask = 2147483647;
			files = (
			);
			runOnlyForDeploymentPostprocessing = 0;
		};
		7F50899E281628D50044B8F8 /* Frameworks */ = {
			isa = PBXFrameworksBuildPhase;
			buildActionMask = 2147483647;
			files = (
			);
			runOnlyForDeploymentPostprocessing = 0;
		};
		7F5089A8281628D50044B8F8 /* Frameworks */ = {
			isa = PBXFrameworksBuildPhase;
			buildActionMask = 2147483647;
			files = (
			);
			runOnlyForDeploymentPostprocessing = 0;
		};
/* End PBXFrameworksBuildPhase section */

/* Begin PBXGroup section */
		7F508988281628D20044B8F8 = {
			isa = PBXGroup;
			children = (
				7F508993281628D20044B8F8 /* BMICalculator */,
				7F5089A4281628D50044B8F8 /* BMICalculatorTests */,
				7F5089AE281628D50044B8F8 /* BMICalculatorUITests */,
				7F508992281628D20044B8F8 /* Products */,
			);
			indentWidth = 2;
			sourceTree = "<group>";
		};
		7F508992281628D20044B8F8 /* Products */ = {
			isa = PBXGroup;
			children = (
				7F508991281628D20044B8F8 /* BMICalculator.app */,
				7F5089A1281628D50044B8F8 /* BMICalculatorTests.xctest */,
				7F5089AB281628D50044B8F8 /* BMICalculatorUITests.xctest */,
			);
			name = Products;
			sourceTree = "<group>";
		};
		7F508993281628D20044B8F8 /* BMICalculator */ = {
			isa = PBXGroup;
			children = (
				7F596F6D281AB980002FA9F0 /* UI */,
				7F596F6A281A6B3C002FA9F0 /* Extensions */,
				7F508994281628D20044B8F8 /* BMICalculatorApp.swift */,
				7F508996281628D20044B8F8 /* ContentView.swift */,
				7F581F7928225F7D0097C6DB /* ResultContentView.swift */,
				7F5089BE2816360C0044B8F8 /* BMI.swift */,
				7F508998281628D50044B8F8 /* Assets.xcassets */,
				7F50899A281628D50044B8F8 /* Preview Content */,
			);
			path = BMICalculator;
			sourceTree = "<group>";
		};
		7F50899A281628D50044B8F8 /* Preview Content */ = {
			isa = PBXGroup;
			children = (
				7F50899B281628D50044B8F8 /* Preview Assets.xcassets */,
			);
			path = "Preview Content";
			sourceTree = "<group>";
		};
		7F5089A4281628D50044B8F8 /* BMICalculatorTests */ = {
			isa = PBXGroup;
			children = (
				7F5089A5281628D50044B8F8 /* BMICalculatorTests.swift */,
				7F5089C0281639F00044B8F8 /* BMITests.swift */,
			);
			path = BMICalculatorTests;
			sourceTree = "<group>";
		};
		7F5089AE281628D50044B8F8 /* BMICalculatorUITests */ = {
			isa = PBXGroup;
			children = (
				7F5089AF281628D50044B8F8 /* BMICalculatorUITests.swift */,
				7F5089B1281628D50044B8F8 /* BMICalculatorUITestsLaunchTests.swift */,
			);
			path = BMICalculatorUITests;
			sourceTree = "<group>";
		};
		7F596F6A281A6B3C002FA9F0 /* Extensions */ = {
			isa = PBXGroup;
			children = (
				7F596F6B281A6B50002FA9F0 /* Colors + Extensions.swift */,
			);
			path = Extensions;
			sourceTree = "<group>";
		};
		7F596F6D281AB980002FA9F0 /* UI */ = {
			isa = PBXGroup;
			children = (
				7F596F6E281AB98F002FA9F0 /* SliderView.swift */,
				7F581F7B282261610097C6DB /* LabelView.swift */,
				7F581F7D282265920097C6DB /* BaseButtonView.swift */,
			);
			path = UI;
			sourceTree = "<group>";
		};
/* End PBXGroup section */

/* Begin PBXNativeTarget section */
		7F508990281628D20044B8F8 /* BMICalculator */ = {
			isa = PBXNativeTarget;
			buildConfigurationList = 7F5089B5281628D50044B8F8 /* Build configuration list for PBXNativeTarget "BMICalculator" */;
			buildPhases = (
				7F50898D281628D20044B8F8 /* Sources */,
				7F50898E281628D20044B8F8 /* Frameworks */,
				7F50898F281628D20044B8F8 /* Resources */,
			);
			buildRules = (
			);
			dependencies = (
			);
			name = BMICalculator;
			productName = BMICalculator;
			productReference = 7F508991281628D20044B8F8 /* BMICalculator.app */;
			productType = "com.apple.product-type.application";
		};
		7F5089A0281628D50044B8F8 /* BMICalculatorTests */ = {
			isa = PBXNativeTarget;
			buildConfigurationList = 7F5089B8281628D50044B8F8 /* Build configuration list for PBXNativeTarget "BMICalculatorTests" */;
			buildPhases = (
				7F50899D281628D50044B8F8 /* Sources */,
				7F50899E281628D50044B8F8 /* Frameworks */,
				7F50899F281628D50044B8F8 /* Resources */,
			);
			buildRules = (
			);
			dependencies = (
				7F5089A3281628D50044B8F8 /* PBXTargetDependency */,
			);
			name = BMICalculatorTests;
			productName = BMICalculatorTests;
			productReference = 7F5089A1281628D50044B8F8 /* BMICalculatorTests.xctest */;
			productType = "com.apple.product-type.bundle.unit-test";
		};
		7F5089AA281628D50044B8F8 /* BMICalculatorUITests */ = {
			isa = PBXNativeTarget;
			buildConfigurationList = 7F5089BB281628D50044B8F8 /* Build configuration list for PBXNativeTarget "BMICalculatorUITests" */;
			buildPhases = (
				7F5089A7281628D50044B8F8 /* Sources */,
				7F5089A8281628D50044B8F8 /* Frameworks */,
				7F5089A9281628D50044B8F8 /* Resources */,
			);
			buildRules = (
			);
			dependencies = (
				7F5089AD281628D50044B8F8 /* PBXTargetDependency */,
			);
			name = BMICalculatorUITests;
			productName = BMICalculatorUITests;
			productReference = 7F5089AB281628D50044B8F8 /* BMICalculatorUITests.xctest */;
			productType = "com.apple.product-type.bundle.ui-testing";
		};
/* End PBXNativeTarget section */

/* Begin PBXProject section */
		7F508989281628D20044B8F8 /* Project object */ = {
			isa = PBXProject;
			attributes = {
				BuildIndependentTargetsInParallel = 1;
				LastSwiftUpdateCheck = 1330;
				LastUpgradeCheck = 1330;
				TargetAttributes = {
					7F508990281628D20044B8F8 = {
						CreatedOnToolsVersion = 13.3.1;
					};
					7F5089A0281628D50044B8F8 = {
						CreatedOnToolsVersion = 13.3.1;
						TestTargetID = 7F508990281628D20044B8F8;
					};
					7F5089AA281628D50044B8F8 = {
						CreatedOnToolsVersion = 13.3.1;
						TestTargetID = 7F508990281628D20044B8F8;
					};
				};
			};
			buildConfigurationList = 7F50898C281628D20044B8F8 /* Build configuration list for PBXProject "BMICalculator" */;
			compatibilityVersion = "Xcode 13.0";
			developmentRegion = en;
			hasScannedForEncodings = 0;
			knownRegions = (
				en,
				Base,
			);
			mainGroup = 7F508988281628D20044B8F8;
			productRefGroup = 7F508992281628D20044B8F8 /* Products */;
			projectDirPath = "";
			projectRoot = "";
			targets = (
				7F508990281628D20044B8F8 /* BMICalculator */,
				7F5089A0281628D50044B8F8 /* BMICalculatorTests */,
				7F5089AA281628D50044B8F8 /* BMICalculatorUITests */,
			);
		};
/* End PBXProject section */

/* Begin PBXResourcesBuildPhase section */
		7F50898F281628D20044B8F8 /* Resources */ = {
			isa = PBXResourcesBuildPhase;
			buildActionMask = 2147483647;
			files = (
				7F50899C281628D50044B8F8 /* Preview Assets.xcassets in Resources */,
				7F508999281628D50044B8F8 /* Assets.xcassets in Resources */,
			);
			runOnlyForDeploymentPostprocessing = 0;
		};
		7F50899F281628D50044B8F8 /* Resources */ = {
			isa = PBXResourcesBuildPhase;
			buildActionMask = 2147483647;
			files = (
			);
			runOnlyForDeploymentPostprocessing = 0;
		};
		7F5089A9281628D50044B8F8 /* Resources */ = {
			isa = PBXResourcesBuildPhase;
			buildActionMask = 2147483647;
			files = (
			);
			runOnlyForDeploymentPostprocessing = 0;
		};
/* End PBXResourcesBuildPhase section */

/* Begin PBXSourcesBuildPhase section */
		7F50898D281628D20044B8F8 /* Sources */ = {
			isa = PBXSourcesBuildPhase;
			buildActionMask = 2147483647;
			files = (
				7F508997281628D20044B8F8 /* ContentView.swift in Sources */,
				7F581F7E282265920097C6DB /* BaseButtonView.swift in Sources */,
				7F596F6C281A6B50002FA9F0 /* Colors + Extensions.swift in Sources */,
				7F5089BF2816360C0044B8F8 /* BMI.swift in Sources */,
				7F581F7C282261610097C6DB /* LabelView.swift in Sources */,
				7F581F7A28225F7D0097C6DB /* ResultContentView.swift in Sources */,
				7F508995281628D20044B8F8 /* BMICalculatorApp.swift in Sources */,
				7F596F6F281AB98F002FA9F0 /* SliderView.swift in Sources */,
			);
			runOnlyForDeploymentPostprocessing = 0;
		};
		7F50899D281628D50044B8F8 /* Sources */ = {
			isa = PBXSourcesBuildPhase;
			buildActionMask = 2147483647;
			files = (
				7F5089C1281639F00044B8F8 /* BMITests.swift in Sources */,
				7F5089A6281628D50044B8F8 /* BMICalculatorTests.swift in Sources */,
			);
			runOnlyForDeploymentPostprocessing = 0;
		};
		7F5089A7281628D50044B8F8 /* Sources */ = {
			isa = PBXSourcesBuildPhase;
			buildActionMask = 2147483647;
			files = (
				7F5089B0281628D50044B8F8 /* BMICalculatorUITests.swift in Sources */,
				7F5089B2281628D50044B8F8 /* BMICalculatorUITestsLaunchTests.swift in Sources */,
			);
			runOnlyForDeploymentPostprocessing = 0;
		};
/* End PBXSourcesBuildPhase section */

/* Begin PBXTargetDependency section */
		7F5089A3281628D50044B8F8 /* PBXTargetDependency */ = {
			isa = PBXTargetDependency;
			target = 7F508990281628D20044B8F8 /* BMICalculator */;
			targetProxy = 7F5089A2281628D50044B8F8 /* PBXContainerItemProxy */;
		};
		7F5089AD281628D50044B8F8 /* PBXTargetDependency */ = {
			isa = PBXTargetDependency;
			target = 7F508990281628D20044B8F8 /* BMICalculator */;
			targetProxy = 7F5089AC281628D50044B8F8 /* PBXContainerItemProxy */;
		};
/* End PBXTargetDependency section */

/* Begin XCBuildConfiguration section */
		7F5089B3281628D50044B8F8 /* Debug */ = {
			isa = XCBuildConfiguration;
			buildSettings = {
				ALWAYS_SEARCH_USER_PATHS = NO;
				CLANG_ANALYZER_NONNULL = YES;
				CLANG_ANALYZER_NUMBER_OBJECT_CONVERSION = YES_AGGRESSIVE;
				CLANG_CXX_LANGUAGE_STANDARD = "gnu++17";
				CLANG_ENABLE_MODULES = YES;
				CLANG_ENABLE_OBJC_ARC = YES;
				CLANG_ENABLE_OBJC_WEAK = YES;
				CLANG_WARN_BLOCK_CAPTURE_AUTORELEASING = YES;
				CLANG_WARN_BOOL_CONVERSION = YES;
				CLANG_WARN_COMMA = YES;
				CLANG_WARN_CONSTANT_CONVERSION = YES;
				CLANG_WARN_DEPRECATED_OBJC_IMPLEMENTATIONS = YES;
				CLANG_WARN_DIRECT_OBJC_ISA_USAGE = YES_ERROR;
				CLANG_WARN_DOCUMENTATION_COMMENTS = YES;
				CLANG_WARN_EMPTY_BODY = YES;
				CLANG_WARN_ENUM_CONVERSION = YES;
				CLANG_WARN_INFINITE_RECURSION = YES;
				CLANG_WARN_INT_CONVERSION = YES;
				CLANG_WARN_NON_LITERAL_NULL_CONVERSION = YES;
				CLANG_WARN_OBJC_IMPLICIT_RETAIN_SELF = YES;
				CLANG_WARN_OBJC_LITERAL_CONVERSION = YES;
				CLANG_WARN_OBJC_ROOT_CLASS = YES_ERROR;
				CLANG_WARN_QUOTED_INCLUDE_IN_FRAMEWORK_HEADER = YES;
				CLANG_WARN_RANGE_LOOP_ANALYSIS = YES;
				CLANG_WARN_STRICT_PROTOTYPES = YES;
				CLANG_WARN_SUSPICIOUS_MOVE = YES;
				CLANG_WARN_UNGUARDED_AVAILABILITY = YES_AGGRESSIVE;
				CLANG_WARN_UNREACHABLE_CODE = YES;
				CLANG_WARN__DUPLICATE_METHOD_MATCH = YES;
				COPY_PHASE_STRIP = NO;
				DEBUG_INFORMATION_FORMAT = dwarf;
				ENABLE_STRICT_OBJC_MSGSEND = YES;
				ENABLE_TESTABILITY = YES;
				GCC_C_LANGUAGE_STANDARD = gnu11;
				GCC_DYNAMIC_NO_PIC = NO;
				GCC_NO_COMMON_BLOCKS = YES;
				GCC_OPTIMIZATION_LEVEL = 0;
				GCC_PREPROCESSOR_DEFINITIONS = (
					"DEBUG=1",
					"$(inherited)",
				);
				GCC_WARN_64_TO_32_BIT_CONVERSION = YES;
				GCC_WARN_ABOUT_RETURN_TYPE = YES_ERROR;
				GCC_WARN_UNDECLARED_SELECTOR = YES;
				GCC_WARN_UNINITIALIZED_AUTOS = YES_AGGRESSIVE;
				GCC_WARN_UNUSED_FUNCTION = YES;
				GCC_WARN_UNUSED_VARIABLE = YES;
				IPHONEOS_DEPLOYMENT_TARGET = 15.4;
				MTL_ENABLE_DEBUG_INFO = INCLUDE_SOURCE;
				MTL_FAST_MATH = YES;
				ONLY_ACTIVE_ARCH = YES;
				SDKROOT = iphoneos;
				SWIFT_ACTIVE_COMPILATION_CONDITIONS = DEBUG;
				SWIFT_OPTIMIZATION_LEVEL = "-Onone";
			};
			name = Debug;
		};
		7F5089B4281628D50044B8F8 /* Release */ = {
			isa = XCBuildConfiguration;
			buildSettings = {
				ALWAYS_SEARCH_USER_PATHS = NO;
				CLANG_ANALYZER_NONNULL = YES;
				CLANG_ANALYZER_NUMBER_OBJECT_CONVERSION = YES_AGGRESSIVE;
				CLANG_CXX_LANGUAGE_STANDARD = "gnu++17";
				CLANG_ENABLE_MODULES = YES;
				CLANG_ENABLE_OBJC_ARC = YES;
				CLANG_ENABLE_OBJC_WEAK = YES;
				CLANG_WARN_BLOCK_CAPTURE_AUTORELEASING = YES;
				CLANG_WARN_BOOL_CONVERSION = YES;
				CLANG_WARN_COMMA = YES;
				CLANG_WARN_CONSTANT_CONVERSION = YES;
				CLANG_WARN_DEPRECATED_OBJC_IMPLEMENTATIONS = YES;
				CLANG_WARN_DIRECT_OBJC_ISA_USAGE = YES_ERROR;
				CLANG_WARN_DOCUMENTATION_COMMENTS = YES;
				CLANG_WARN_EMPTY_BODY = YES;
				CLANG_WARN_ENUM_CONVERSION = YES;
				CLANG_WARN_INFINITE_RECURSION = YES;
				CLANG_WARN_INT_CONVERSION = YES;
				CLANG_WARN_NON_LITERAL_NULL_CONVERSION = YES;
				CLANG_WARN_OBJC_IMPLICIT_RETAIN_SELF = YES;
				CLANG_WARN_OBJC_LITERAL_CONVERSION = YES;
				CLANG_WARN_OBJC_ROOT_CLASS = YES_ERROR;
				CLANG_WARN_QUOTED_INCLUDE_IN_FRAMEWORK_HEADER = YES;
				CLANG_WARN_RANGE_LOOP_ANALYSIS = YES;
				CLANG_WARN_STRICT_PROTOTYPES = YES;
				CLANG_WARN_SUSPICIOUS_MOVE = YES;
				CLANG_WARN_UNGUARDED_AVAILABILITY = YES_AGGRESSIVE;
				CLANG_WARN_UNREACHABLE_CODE = YES;
				CLANG_WARN__DUPLICATE_METHOD_MATCH = YES;
				COPY_PHASE_STRIP = NO;
				DEBUG_INFORMATION_FORMAT = "dwarf-with-dsym";
				ENABLE_NS_ASSERTIONS = NO;
				ENABLE_STRICT_OBJC_MSGSEND = YES;
				GCC_C_LANGUAGE_STANDARD = gnu11;
				GCC_NO_COMMON_BLOCKS = YES;
				GCC_WARN_64_TO_32_BIT_CONVERSION = YES;
				GCC_WARN_ABOUT_RETURN_TYPE = YES_ERROR;
				GCC_WARN_UNDECLARED_SELECTOR = YES;
				GCC_WARN_UNINITIALIZED_AUTOS = YES_AGGRESSIVE;
				GCC_WARN_UNUSED_FUNCTION = YES;
				GCC_WARN_UNUSED_VARIABLE = YES;
				IPHONEOS_DEPLOYMENT_TARGET = 15.4;
				MTL_ENABLE_DEBUG_INFO = NO;
				MTL_FAST_MATH = YES;
				SDKROOT = iphoneos;
				SWIFT_COMPILATION_MODE = wholemodule;
				SWIFT_OPTIMIZATION_LEVEL = "-O";
				VALIDATE_PRODUCT = YES;
			};
			name = Release;
		};
		7F5089B6281628D50044B8F8 /* Debug */ = {
			isa = XCBuildConfiguration;
			buildSettings = {
				ASSETCATALOG_COMPILER_APPICON_NAME = AppIcon;
				ASSETCATALOG_COMPILER_GLOBAL_ACCENT_COLOR_NAME = AccentColor;
				CODE_SIGN_ENTITLEMENTS = BMICalculator/BMICalculator.entitlements;
				CODE_SIGN_STYLE = Automatic;
				CURRENT_PROJECT_VERSION = 1;
				DEVELOPMENT_ASSET_PATHS = "\"BMICalculator/Preview Content\"";
				DEVELOPMENT_TEAM = 66846BKCQ4;
				ENABLE_PREVIEWS = YES;
				GENERATE_INFOPLIST_FILE = YES;
				INFOPLIST_KEY_UIApplicationSceneManifest_Generation = YES;
				INFOPLIST_KEY_UIApplicationSupportsIndirectInputEvents = YES;
				INFOPLIST_KEY_UILaunchScreen_Generation = YES;
				INFOPLIST_KEY_UISupportedInterfaceOrientations_iPad = "UIInterfaceOrientationPortrait UIInterfaceOrientationPortraitUpsideDown UIInterfaceOrientationLandscapeLeft UIInterfaceOrientationLandscapeRight";
				INFOPLIST_KEY_UISupportedInterfaceOrientations_iPhone = "UIInterfaceOrientationPortrait UIInterfaceOrientationLandscapeLeft UIInterfaceOrientationLandscapeRight";
				LD_RUNPATH_SEARCH_PATHS = (
					"$(inherited)",
					"@executable_path/Frameworks",
				);
				MARKETING_VERSION = 1.0;
				PRODUCT_BUNDLE_IDENTIFIER = com.esikmalazman.BMICalculator;
				PRODUCT_NAME = "$(TARGET_NAME)";
				SUPPORTS_MACCATALYST = YES;
				SUPPORTS_MAC_DESIGNED_FOR_IPHONE_IPAD = YES;
				SWIFT_EMIT_LOC_STRINGS = YES;
				SWIFT_VERSION = 5.0;
				TARGETED_DEVICE_FAMILY = "1,2";
			};
			name = Debug;
		};
		7F5089B7281628D50044B8F8 /* Release */ = {
			isa = XCBuildConfiguration;
			buildSettings = {
				ASSETCATALOG_COMPILER_APPICON_NAME = AppIcon;
				ASSETCATALOG_COMPILER_GLOBAL_ACCENT_COLOR_NAME = AccentColor;
				CODE_SIGN_ENTITLEMENTS = BMICalculator/BMICalculator.entitlements;
				CODE_SIGN_STYLE = Automatic;
				CURRENT_PROJECT_VERSION = 1;
				DEVELOPMENT_ASSET_PATHS = "\"BMICalculator/Preview Content\"";
				DEVELOPMENT_TEAM = 66846BKCQ4;
				ENABLE_PREVIEWS = YES;
				GENERATE_INFOPLIST_FILE = YES;
				INFOPLIST_KEY_UIApplicationSceneManifest_Generation = YES;
				INFOPLIST_KEY_UIApplicationSupportsIndirectInputEvents = YES;
				INFOPLIST_KEY_UILaunchScreen_Generation = YES;
				INFOPLIST_KEY_UISupportedInterfaceOrientations_iPad = "UIInterfaceOrientationPortrait UIInterfaceOrientationPortraitUpsideDown UIInterfaceOrientationLandscapeLeft UIInterfaceOrientationLandscapeRight";
				INFOPLIST_KEY_UISupportedInterfaceOrientations_iPhone = "UIInterfaceOrientationPortrait UIInterfaceOrientationLandscapeLeft UIInterfaceOrientationLandscapeRight";
				LD_RUNPATH_SEARCH_PATHS = (
					"$(inherited)",
					"@executable_path/Frameworks",
				);
				MARKETING_VERSION = 1.0;
				PRODUCT_BUNDLE_IDENTIFIER = com.esikmalazman.BMICalculator;
				PRODUCT_NAME = "$(TARGET_NAME)";
				SUPPORTS_MACCATALYST = YES;
				SUPPORTS_MAC_DESIGNED_FOR_IPHONE_IPAD = YES;
				SWIFT_EMIT_LOC_STRINGS = YES;
				SWIFT_VERSION = 5.0;
				TARGETED_DEVICE_FAMILY = "1,2";
			};
			name = Release;
		};
		7F5089B9281628D50044B8F8 /* Debug */ = {
			isa = XCBuildConfiguration;
			buildSettings = {
				ALWAYS_EMBED_SWIFT_STANDARD_LIBRARIES = YES;
				BUNDLE_LOADER = "$(TEST_HOST)";
				CODE_SIGN_STYLE = Automatic;
				CURRENT_PROJECT_VERSION = 1;
				GENERATE_INFOPLIST_FILE = YES;
				IPHONEOS_DEPLOYMENT_TARGET = 15.4;
				MARKETING_VERSION = 1.0;
				PRODUCT_BUNDLE_IDENTIFIER = com.esikmalazman.BMICalculatorTests;
				PRODUCT_NAME = "$(TARGET_NAME)";
				SWIFT_EMIT_LOC_STRINGS = NO;
				SWIFT_VERSION = 5.0;
				TARGETED_DEVICE_FAMILY = "1,2";
				TEST_HOST = "$(BUILT_PRODUCTS_DIR)/BMICalculator.app/BMICalculator";
			};
			name = Debug;
		};
		7F5089BA281628D50044B8F8 /* Release */ = {
			isa = XCBuildConfiguration;
			buildSettings = {
				ALWAYS_EMBED_SWIFT_STANDARD_LIBRARIES = YES;
				BUNDLE_LOADER = "$(TEST_HOST)";
				CODE_SIGN_STYLE = Automatic;
				CURRENT_PROJECT_VERSION = 1;
				GENERATE_INFOPLIST_FILE = YES;
				IPHONEOS_DEPLOYMENT_TARGET = 15.4;
				MARKETING_VERSION = 1.0;
				PRODUCT_BUNDLE_IDENTIFIER = com.esikmalazman.BMICalculatorTests;
				PRODUCT_NAME = "$(TARGET_NAME)";
				SWIFT_EMIT_LOC_STRINGS = NO;
				SWIFT_VERSION = 5.0;
				TARGETED_DEVICE_FAMILY = "1,2";
				TEST_HOST = "$(BUILT_PRODUCTS_DIR)/BMICalculator.app/BMICalculator";
			};
			name = Release;
		};
		7F5089BC281628D50044B8F8 /* Debug */ = {
			isa = XCBuildConfiguration;
			buildSettings = {
				ALWAYS_EMBED_SWIFT_STANDARD_LIBRARIES = YES;
				CODE_SIGN_STYLE = Automatic;
				CURRENT_PROJECT_VERSION = 1;
				GENERATE_INFOPLIST_FILE = YES;
				MARKETING_VERSION = 1.0;
				PRODUCT_BUNDLE_IDENTIFIER = com.esikmalazman.BMICalculatorUITests;
				PRODUCT_NAME = "$(TARGET_NAME)";
				SWIFT_EMIT_LOC_STRINGS = NO;
				SWIFT_VERSION = 5.0;
				TARGETED_DEVICE_FAMILY = "1,2";
				TEST_TARGET_NAME = BMICalculator;
			};
			name = Debug;
		};
		7F5089BD281628D50044B8F8 /* Release */ = {
			isa = XCBuildConfiguration;
			buildSettings = {
				ALWAYS_EMBED_SWIFT_STANDARD_LIBRARIES = YES;
				CODE_SIGN_STYLE = Automatic;
				CURRENT_PROJECT_VERSION = 1;
				GENERATE_INFOPLIST_FILE = YES;
				MARKETING_VERSION = 1.0;
				PRODUCT_BUNDLE_IDENTIFIER = com.esikmalazman.BMICalculatorUITests;
				PRODUCT_NAME = "$(TARGET_NAME)";
				SWIFT_EMIT_LOC_STRINGS = NO;
				SWIFT_VERSION = 5.0;
				TARGETED_DEVICE_FAMILY = "1,2";
				TEST_TARGET_NAME = BMICalculator;
			};
			name = Release;
		};
/* End XCBuildConfiguration section */

/* Begin XCConfigurationList section */
		7F50898C281628D20044B8F8 /* Build configuration list for PBXProject "BMICalculator" */ = {
			isa = XCConfigurationList;
			buildConfigurations = (
				7F5089B3281628D50044B8F8 /* Debug */,
				7F5089B4281628D50044B8F8 /* Release */,
			);
			defaultConfigurationIsVisible = 0;
			defaultConfigurationName = Release;
		};
		7F5089B5281628D50044B8F8 /* Build configuration list for PBXNativeTarget "BMICalculator" */ = {
			isa = XCConfigurationList;
			buildConfigurations = (
				7F5089B6281628D50044B8F8 /* Debug */,
				7F5089B7281628D50044B8F8 /* Release */,
			);
			defaultConfigurationIsVisible = 0;
			defaultConfigurationName = Release;
		};
		7F5089B8281628D50044B8F8 /* Build configuration list for PBXNativeTarget "BMICalculatorTests" */ = {
			isa = XCConfigurationList;
			buildConfigurations = (
				7F5089B9281628D50044B8F8 /* Debug */,
				7F5089BA281628D50044B8F8 /* Release */,
			);
			defaultConfigurationIsVisible = 0;
			defaultConfigurationName = Release;
		};
		7F5089BB281628D50044B8F8 /* Build configuration list for PBXNativeTarget "BMICalculatorUITests" */ = {
			isa = XCConfigurationList;
			buildConfigurations = (
				7F5089BC281628D50044B8F8 /* Debug */,
				7F5089BD281628D50044B8F8 /* Release */,
			);
			defaultConfigurationIsVisible = 0;
			defaultConfigurationName = Release;
		};
/* End XCConfigurationList section */
	};
	rootObject = 7F508989281628D20044B8F8 /* Project object */;
}
